{
  "object": {
    "pins": [
      {
        "package": "SwiftUIPager",
        "repositoryURL": "https://github.com/fermoya/SwiftUIPager.git",
        "state": {
          "branch": null,
          "revision": "d6745593cfa38ffa1fca75244a01e422d220d407",
          "version": "2.3.1"
        }
      },
      {
        "package": "SwiftUIWPArticleLoader",
        "repositoryURL": "https://github.com/tkoehlerlg/SwiftUIWPArticleLoader.git",
        "state": {
          "branch": null,
          "revision": "85ec6b5bbd9790cd21249c4a525376158ad7c881",
          "version": "1.3.3"
        }
      }
    ]
  },
  "version": 1
}
