// !$*UTF8*$!
{
	archiveVersion = 1;
	classes = {
	};
	objectVersion = 52;
	objects = {

/* Begin PBXBuildFile section */
		D902F7B426E3E22F009FB4E7 /* AddEggSlider.swift in Sources */ = {isa = PBXBuildFile; fileRef = D902F7B326E3E22F009FB4E7 /* AddEggSlider.swift */; };
		D90AC30026C5745300B6B7D0 /* ArticleView.swift in Sources */ = {isa = PBXBuildFile; fileRef = D90AC2FF26C5745300B6B7D0 /* ArticleView.swift */; };
		D90AC30326C5748900B6B7D0 /* WebLoadingView.swift in Sources */ = {isa = PBXBuildFile; fileRef = D90AC30126C5748900B6B7D0 /* WebLoadingView.swift */; };
		D90AC30426C5748900B6B7D0 /* WebView.swift in Sources */ = {isa = PBXBuildFile; fileRef = D90AC30226C5748900B6B7D0 /* WebView.swift */; };
		D90AC30626C5822F00B6B7D0 /* EggsView.swift in Sources */ = {isa = PBXBuildFile; fileRef = D90AC30526C5822F00B6B7D0 /* EggsView.swift */; };
		D90AC30926C5C50700B6B7D0 /* EggsViewModel.swift in Sources */ = {isa = PBXBuildFile; fileRef = D90AC30826C5C50700B6B7D0 /* EggsViewModel.swift */; };
		D90AC30B26C5C5E600B6B7D0 /* Egg.swift in Sources */ = {isa = PBXBuildFile; fileRef = D90AC30A26C5C5E600B6B7D0 /* Egg.swift */; };
		D90D5E6126C009810023D2C7 /* NewsListView.swift in Sources */ = {isa = PBXBuildFile; fileRef = D90D5E6026C009810023D2C7 /* NewsListView.swift */; };
		D90D5E6326C009950023D2C7 /* NewsListViewModel.swift in Sources */ = {isa = PBXBuildFile; fileRef = D90D5E6226C009950023D2C7 /* NewsListViewModel.swift */; };
		D90D5E6726C00AF90023D2C7 /* NewsRowView.swift in Sources */ = {isa = PBXBuildFile; fileRef = D90D5E6626C00AF90023D2C7 /* NewsRowView.swift */; };
		D90D5E6D26C012CD0023D2C7 /* NewsImageLoadingView copy.swift in Sources */ = {isa = PBXBuildFile; fileRef = D90D5E6C26C012CD0023D2C7 /* NewsImageLoadingView copy.swift */; };
		D90D5E7126C013560023D2C7 /* NewsRowButtonStyle.swift in Sources */ = {isa = PBXBuildFile; fileRef = D90D5E7026C013560023D2C7 /* NewsRowButtonStyle.swift */; };
		D92E9E4626EC8FE6000A0682 /* TimerViewModel.swift in Sources */ = {isa = PBXBuildFile; fileRef = D92E9E4526EC8FE6000A0682 /* TimerViewModel.swift */; };
		D93E848B26EE0EDE00A10349 /* EggImageViewWithNumber.swift in Sources */ = {isa = PBXBuildFile; fileRef = D93E848A26EE0EDE00A10349 /* EggImageViewWithNumber.swift */; };
		D93E848D26EE10B300A10349 /* TimerEggsView.swift in Sources */ = {isa = PBXBuildFile; fileRef = D93E848C26EE10B300A10349 /* TimerEggsView.swift */; };
		D93E849226EE17AD00A10349 /* bell.mp3 in Resources */ = {isa = PBXBuildFile; fileRef = D93E849126EE17AD00A10349 /* bell.mp3 */; };
		D93FD7F32696486A002DD264 /* HomeView.swift in Sources */ = {isa = PBXBuildFile; fileRef = D93FD7F22696486A002DD264 /* HomeView.swift */; };
		D94521412693512600305EF8 /* EierML_iosApp.swift in Sources */ = {isa = PBXBuildFile; fileRef = D94521402693512600305EF8 /* EierML_iosApp.swift */; };
		D94521432693512600305EF8 /* AppView.swift in Sources */ = {isa = PBXBuildFile; fileRef = D94521422693512600305EF8 /* AppView.swift */; };
		D94521452693512600305EF8 /* Assets.xcassets in Resources */ = {isa = PBXBuildFile; fileRef = D94521442693512600305EF8 /* Assets.xcassets */; };
		D94521482693512600305EF8 /* Preview Assets.xcassets in Resources */ = {isa = PBXBuildFile; fileRef = D94521472693512600305EF8 /* Preview Assets.xcassets */; };
		D94521532693512600305EF8 /* EierML_iosTests.swift in Sources */ = {isa = PBXBuildFile; fileRef = D94521522693512600305EF8 /* EierML_iosTests.swift */; };
		D945215E2693512600305EF8 /* EierML_iosUITests.swift in Sources */ = {isa = PBXBuildFile; fileRef = D945215D2693512600305EF8 /* EierML_iosUITests.swift */; };
		D945216C2693544D00305EF8 /* WellcomeView.swift in Sources */ = {isa = PBXBuildFile; fileRef = D945216B2693544D00305EF8 /* WellcomeView.swift */; };
		D945217326935C1E00305EF8 /* SecondaryButtonStyle.swift in Sources */ = {isa = PBXBuildFile; fileRef = D945217226935C1E00305EF8 /* SecondaryButtonStyle.swift */; };
		D953699D26EEA3A60056BD82 /* Bandage.swift in Sources */ = {isa = PBXBuildFile; fileRef = D953699C26EEA3A60056BD82 /* Bandage.swift */; };
		D953699F26EEA9190056BD82 /* AppModel.swift in Sources */ = {isa = PBXBuildFile; fileRef = D953699E26EEA9190056BD82 /* AppModel.swift */; };
		D95369A326EEABDB0056BD82 /* EierMLBandages.swift in Sources */ = {isa = PBXBuildFile; fileRef = D95369A226EEABDB0056BD82 /* EierMLBandages.swift */; };
		D95369A526EEABED0056BD82 /* MLProjectsBandages.swift in Sources */ = {isa = PBXBuildFile; fileRef = D95369A426EEABED0056BD82 /* MLProjectsBandages.swift */; };
		D971FCCA26EE6E96002C65D0 /* GridItem+getItems.swift in Sources */ = {isa = PBXBuildFile; fileRef = D971FCC926EE6E96002C65D0 /* GridItem+getItems.swift */; };
		D973620026D4276B0012AFE7 /* EggListRowView.swift in Sources */ = {isa = PBXBuildFile; fileRef = D97361FF26D4276B0012AFE7 /* EggListRowView.swift */; };
		D973620226D433F50012AFE7 /* TutorialSheetView.swift in Sources */ = {isa = PBXBuildFile; fileRef = D973620126D433F50012AFE7 /* TutorialSheetView.swift */; };
		D9795FF6269A2D2800C6CF98 /* PrimaryTextField.swift in Sources */ = {isa = PBXBuildFile; fileRef = D9795FF5269A2D2800C6CF98 /* PrimaryTextField.swift */; };
		D97F19D926DD5ED100374033 /* NumberRow.swift in Sources */ = {isa = PBXBuildFile; fileRef = D97F19D826DD5ED100374033 /* NumberRow.swift */; };
		D98AAB7326E4CB250087FAF6 /* PixelConverter.swift in Sources */ = {isa = PBXBuildFile; fileRef = D98AAB7226E4CB250087FAF6 /* PixelConverter.swift */; };
		D98AAB7F26E516290087FAF6 /* Color+Hex.swift in Sources */ = {isa = PBXBuildFile; fileRef = D98AAB7C26E516290087FAF6 /* Color+Hex.swift */; };
		D98AAB8026E516290087FAF6 /* Color+Adjust.swift in Sources */ = {isa = PBXBuildFile; fileRef = D98AAB7D26E516290087FAF6 /* Color+Adjust.swift */; };
		D98AAB8126E516290087FAF6 /* Palette+Color.swift in Sources */ = {isa = PBXBuildFile; fileRef = D98AAB7E26E516290087FAF6 /* Palette+Color.swift */; };
		D99421E926BB0FCB00DB2BCF /* NavigationButton.swift in Sources */ = {isa = PBXBuildFile; fileRef = D99421E826BB0FCB00DB2BCF /* NavigationButton.swift */; };
		D99421EB26BB124100DB2BCF /* Launch Screen.storyboard in Resources */ = {isa = PBXBuildFile; fileRef = D99421EA26BB124100DB2BCF /* Launch Screen.storyboard */; };
		D994220326BB2AD200DB2BCF /* AsyncImage.swift in Sources */ = {isa = PBXBuildFile; fileRef = D994220226BB2AD200DB2BCF /* AsyncImage.swift */; };
		D994220526BB2AFD00DB2BCF /* Date+String.swift in Sources */ = {isa = PBXBuildFile; fileRef = D994220426BB2AFD00DB2BCF /* Date+String.swift */; };
		D9A15A7826B62380000B56F8 /* SwiftUIWPArticleLoader in Frameworks */ = {isa = PBXBuildFile; productRef = D9A15A7726B62380000B56F8 /* SwiftUIWPArticleLoader */; };
		D9BB94CE26A4CC2B007086D0 /* HomeViewHeader.swift in Sources */ = {isa = PBXBuildFile; fileRef = D9BB94CD26A4CC2B007086D0 /* HomeViewHeader.swift */; };
		D9BB94D026A4CCF6007086D0 /* ClassicBackgroundView.swift in Sources */ = {isa = PBXBuildFile; fileRef = D9BB94CF26A4CCF6007086D0 /* ClassicBackgroundView.swift */; };
		D9BB94D426A4DF98007086D0 /* WellcomeMessageView.swift in Sources */ = {isa = PBXBuildFile; fileRef = D9BB94D326A4DF98007086D0 /* WellcomeMessageView.swift */; };
		D9BFA13E26CAE14A008BE365 /* EierMLTutorialView.swift in Sources */ = {isa = PBXBuildFile; fileRef = D9BFA13D26CAE14A008BE365 /* EierMLTutorialView.swift */; };
		D9BFA14226CAE1D3008BE365 /* SwiftUIPager in Frameworks */ = {isa = PBXBuildFile; productRef = D9BFA14126CAE1D3008BE365 /* SwiftUIPager */; };
		D9BFA14426CAE216008BE365 /* TutorialSheet.swift in Sources */ = {isa = PBXBuildFile; fileRef = D9BFA14326CAE216008BE365 /* TutorialSheet.swift */; };
		D9BFA14726CAFDC0008BE365 /* EggListView.swift in Sources */ = {isa = PBXBuildFile; fileRef = D9BFA14626CAFDC0008BE365 /* EggListView.swift */; };
		D9CD7D3526D8368A00C36DA2 /* EierML.swift in Sources */ = {isa = PBXBuildFile; fileRef = D9CD7D3426D8368A00C36DA2 /* EierML.swift */; };
		D9D3353426DA4B0B004E7ECD /* ViscosityView.swift in Sources */ = {isa = PBXBuildFile; fileRef = D9D3353326DA4B0B004E7ECD /* ViscosityView.swift */; };
		D9E1051426CC3F27002CB828 /* AddEggView.swift in Sources */ = {isa = PBXBuildFile; fileRef = D9E1051326CC3F27002CB828 /* AddEggView.swift */; };
		D9E1051626CC40BD002CB828 /* VisualEffect.swift in Sources */ = {isa = PBXBuildFile; fileRef = D9E1051526CC40BD002CB828 /* VisualEffect.swift */; };
		D9E1051826CC4E6B002CB828 /* UIScreenExtension.swift in Sources */ = {isa = PBXBuildFile; fileRef = D9E1051726CC4E6B002CB828 /* UIScreenExtension.swift */; };
		D9E1051D26CC5C9A002CB828 /* PixelScreenManager.swift in Sources */ = {isa = PBXBuildFile; fileRef = D9E1051C26CC5C9A002CB828 /* PixelScreenManager.swift */; };
		D9E5897C26E7948400349794 /* TimerView.swift in Sources */ = {isa = PBXBuildFile; fileRef = D9E5897B26E7948400349794 /* TimerView.swift */; };
		D9EADB9326D7EA5B0042CAF2 /* PrimaryButtonStyle copy.swift in Sources */ = {isa = PBXBuildFile; fileRef = D9EADB9226D7EA5B0042CAF2 /* PrimaryButtonStyle copy.swift */; };
		D9EADB9526D7FB050042CAF2 /* EierMLTutorialViewModel.swift in Sources */ = {isa = PBXBuildFile; fileRef = D9EADB9426D7FB050042CAF2 /* EierMLTutorialViewModel.swift */; };
/* End PBXBuildFile section */

/* Begin PBXContainerItemProxy section */
		D945214F2693512600305EF8 /* PBXContainerItemProxy */ = {
			isa = PBXContainerItemProxy;
			containerPortal = D94521352693512500305EF8 /* Project object */;
			proxyType = 1;
			remoteGlobalIDString = D945213C2693512500305EF8;
			remoteInfo = "EierML-ios";
		};
		D945215A2693512600305EF8 /* PBXContainerItemProxy */ = {
			isa = PBXContainerItemProxy;
			containerPortal = D94521352693512500305EF8 /* Project object */;
			proxyType = 1;
			remoteGlobalIDString = D945213C2693512500305EF8;
			remoteInfo = "EierML-ios";
		};
/* End PBXContainerItemProxy section */

/* Begin PBXFileReference section */
		D902F7B326E3E22F009FB4E7 /* AddEggSlider.swift */ = {isa = PBXFileReference; lastKnownFileType = sourcecode.swift; path = AddEggSlider.swift; sourceTree = "<group>"; };
		D90AC2FF26C5745300B6B7D0 /* ArticleView.swift */ = {isa = PBXFileReference; fileEncoding = 4; lastKnownFileType = sourcecode.swift; path = ArticleView.swift; sourceTree = "<group>"; };
		D90AC30126C5748900B6B7D0 /* WebLoadingView.swift */ = {isa = PBXFileReference; fileEncoding = 4; lastKnownFileType = sourcecode.swift; path = WebLoadingView.swift; sourceTree = "<group>"; };
		D90AC30226C5748900B6B7D0 /* WebView.swift */ = {isa = PBXFileReference; fileEncoding = 4; lastKnownFileType = sourcecode.swift; path = WebView.swift; sourceTree = "<group>"; };
		D90AC30526C5822F00B6B7D0 /* EggsView.swift */ = {isa = PBXFileReference; lastKnownFileType = sourcecode.swift; path = EggsView.swift; sourceTree = "<group>"; };
		D90AC30826C5C50700B6B7D0 /* EggsViewModel.swift */ = {isa = PBXFileReference; lastKnownFileType = sourcecode.swift; path = EggsViewModel.swift; sourceTree = "<group>"; };
		D90AC30A26C5C5E600B6B7D0 /* Egg.swift */ = {isa = PBXFileReference; lastKnownFileType = sourcecode.swift; path = Egg.swift; sourceTree = "<group>"; };
		D90D5E6026C009810023D2C7 /* NewsListView.swift */ = {isa = PBXFileReference; lastKnownFileType = sourcecode.swift; path = NewsListView.swift; sourceTree = "<group>"; };
		D90D5E6226C009950023D2C7 /* NewsListViewModel.swift */ = {isa = PBXFileReference; lastKnownFileType = sourcecode.swift; path = NewsListViewModel.swift; sourceTree = "<group>"; };
		D90D5E6626C00AF90023D2C7 /* NewsRowView.swift */ = {isa = PBXFileReference; lastKnownFileType = sourcecode.swift; path = NewsRowView.swift; sourceTree = "<group>"; };
		D90D5E6C26C012CD0023D2C7 /* NewsImageLoadingView copy.swift */ = {isa = PBXFileReference; fileEncoding = 4; lastKnownFileType = sourcecode.swift; path = "NewsImageLoadingView copy.swift"; sourceTree = "<group>"; };
		D90D5E7026C013560023D2C7 /* NewsRowButtonStyle.swift */ = {isa = PBXFileReference; fileEncoding = 4; lastKnownFileType = sourcecode.swift; path = NewsRowButtonStyle.swift; sourceTree = "<group>"; };
		D92E9E4526EC8FE6000A0682 /* TimerViewModel.swift */ = {isa = PBXFileReference; lastKnownFileType = sourcecode.swift; path = TimerViewModel.swift; sourceTree = "<group>"; };
		D93E848A26EE0EDE00A10349 /* EggImageViewWithNumber.swift */ = {isa = PBXFileReference; lastKnownFileType = sourcecode.swift; path = EggImageViewWithNumber.swift; sourceTree = "<group>"; };
		D93E848C26EE10B300A10349 /* TimerEggsView.swift */ = {isa = PBXFileReference; lastKnownFileType = sourcecode.swift; path = TimerEggsView.swift; sourceTree = "<group>"; };
		D93E849126EE17AD00A10349 /* bell.mp3 */ = {isa = PBXFileReference; lastKnownFileType = audio.mp3; path = bell.mp3; sourceTree = "<group>"; };
		D93FD7F22696486A002DD264 /* HomeView.swift */ = {isa = PBXFileReference; lastKnownFileType = sourcecode.swift; path = HomeView.swift; sourceTree = "<group>"; };
		D945213D2693512500305EF8 /* EierML-ios.app */ = {isa = PBXFileReference; explicitFileType = wrapper.application; includeInIndex = 0; path = "EierML-ios.app"; sourceTree = BUILT_PRODUCTS_DIR; };
		D94521402693512600305EF8 /* EierML_iosApp.swift */ = {isa = PBXFileReference; lastKnownFileType = sourcecode.swift; path = EierML_iosApp.swift; sourceTree = "<group>"; };
		D94521422693512600305EF8 /* AppView.swift */ = {isa = PBXFileReference; lastKnownFileType = sourcecode.swift; path = AppView.swift; sourceTree = "<group>"; };
		D94521442693512600305EF8 /* Assets.xcassets */ = {isa = PBXFileReference; lastKnownFileType = folder.assetcatalog; path = Assets.xcassets; sourceTree = "<group>"; };
		D94521472693512600305EF8 /* Preview Assets.xcassets */ = {isa = PBXFileReference; lastKnownFileType = folder.assetcatalog; path = "Preview Assets.xcassets"; sourceTree = "<group>"; };
		D94521492693512600305EF8 /* Info.plist */ = {isa = PBXFileReference; lastKnownFileType = text.plist.xml; path = Info.plist; sourceTree = "<group>"; };
		D945214E2693512600305EF8 /* EierML-iosTests.xctest */ = {isa = PBXFileReference; explicitFileType = wrapper.cfbundle; includeInIndex = 0; path = "EierML-iosTests.xctest"; sourceTree = BUILT_PRODUCTS_DIR; };
		D94521522693512600305EF8 /* EierML_iosTests.swift */ = {isa = PBXFileReference; lastKnownFileType = sourcecode.swift; path = EierML_iosTests.swift; sourceTree = "<group>"; };
		D94521542693512600305EF8 /* Info.plist */ = {isa = PBXFileReference; lastKnownFileType = text.plist.xml; path = Info.plist; sourceTree = "<group>"; };
		D94521592693512600305EF8 /* EierML-iosUITests.xctest */ = {isa = PBXFileReference; explicitFileType = wrapper.cfbundle; includeInIndex = 0; path = "EierML-iosUITests.xctest"; sourceTree = BUILT_PRODUCTS_DIR; };
		D945215D2693512600305EF8 /* EierML_iosUITests.swift */ = {isa = PBXFileReference; lastKnownFileType = sourcecode.swift; path = EierML_iosUITests.swift; sourceTree = "<group>"; };
		D945215F2693512600305EF8 /* Info.plist */ = {isa = PBXFileReference; lastKnownFileType = text.plist.xml; path = Info.plist; sourceTree = "<group>"; };
		D945216B2693544D00305EF8 /* WellcomeView.swift */ = {isa = PBXFileReference; lastKnownFileType = sourcecode.swift; path = WellcomeView.swift; sourceTree = "<group>"; };
		D945217226935C1E00305EF8 /* SecondaryButtonStyle.swift */ = {isa = PBXFileReference; lastKnownFileType = sourcecode.swift; path = SecondaryButtonStyle.swift; sourceTree = "<group>"; };
		D953699C26EEA3A60056BD82 /* Bandage.swift */ = {isa = PBXFileReference; lastKnownFileType = sourcecode.swift; path = Bandage.swift; sourceTree = "<group>"; };
		D953699E26EEA9190056BD82 /* AppModel.swift */ = {isa = PBXFileReference; lastKnownFileType = sourcecode.swift; path = AppModel.swift; sourceTree = "<group>"; };
		D95369A226EEABDB0056BD82 /* EierMLBandages.swift */ = {isa = PBXFileReference; lastKnownFileType = sourcecode.swift; path = EierMLBandages.swift; sourceTree = "<group>"; };
		D95369A426EEABED0056BD82 /* MLProjectsBandages.swift */ = {isa = PBXFileReference; lastKnownFileType = sourcecode.swift; path = MLProjectsBandages.swift; sourceTree = "<group>"; };
		D971FCC926EE6E96002C65D0 /* GridItem+getItems.swift */ = {isa = PBXFileReference; lastKnownFileType = sourcecode.swift; path = "GridItem+getItems.swift"; sourceTree = "<group>"; };
		D97361FF26D4276B0012AFE7 /* EggListRowView.swift */ = {isa = PBXFileReference; lastKnownFileType = sourcecode.swift; path = EggListRowView.swift; sourceTree = "<group>"; };
		D973620126D433F50012AFE7 /* TutorialSheetView.swift */ = {isa = PBXFileReference; lastKnownFileType = sourcecode.swift; path = TutorialSheetView.swift; sourceTree = "<group>"; };
		D9795FF5269A2D2800C6CF98 /* PrimaryTextField.swift */ = {isa = PBXFileReference; lastKnownFileType = sourcecode.swift; path = PrimaryTextField.swift; sourceTree = "<group>"; };
		D97F19D826DD5ED100374033 /* NumberRow.swift */ = {isa = PBXFileReference; lastKnownFileType = sourcecode.swift; path = NumberRow.swift; sourceTree = "<group>"; };
		D98AAB7226E4CB250087FAF6 /* PixelConverter.swift */ = {isa = PBXFileReference; lastKnownFileType = sourcecode.swift; path = PixelConverter.swift; sourceTree = "<group>"; };
		D98AAB7C26E516290087FAF6 /* Color+Hex.swift */ = {isa = PBXFileReference; fileEncoding = 4; lastKnownFileType = sourcecode.swift; path = "Color+Hex.swift"; sourceTree = "<group>"; };
		D98AAB7D26E516290087FAF6 /* Color+Adjust.swift */ = {isa = PBXFileReference; fileEncoding = 4; lastKnownFileType = sourcecode.swift; path = "Color+Adjust.swift"; sourceTree = "<group>"; };
		D98AAB7E26E516290087FAF6 /* Palette+Color.swift */ = {isa = PBXFileReference; fileEncoding = 4; lastKnownFileType = sourcecode.swift; path = "Palette+Color.swift"; sourceTree = "<group>"; };
		D99421E826BB0FCB00DB2BCF /* NavigationButton.swift */ = {isa = PBXFileReference; fileEncoding = 4; lastKnownFileType = sourcecode.swift; path = NavigationButton.swift; sourceTree = "<group>"; };
		D99421EA26BB124100DB2BCF /* Launch Screen.storyboard */ = {isa = PBXFileReference; lastKnownFileType = file.storyboard; path = "Launch Screen.storyboard"; sourceTree = "<group>"; };
		D994220226BB2AD200DB2BCF /* AsyncImage.swift */ = {isa = PBXFileReference; fileEncoding = 4; lastKnownFileType = sourcecode.swift; path = AsyncImage.swift; sourceTree = "<group>"; };
		D994220426BB2AFD00DB2BCF /* Date+String.swift */ = {isa = PBXFileReference; fileEncoding = 4; lastKnownFileType = sourcecode.swift; path = "Date+String.swift"; sourceTree = "<group>"; };
		D9BB94CD26A4CC2B007086D0 /* HomeViewHeader.swift */ = {isa = PBXFileReference; lastKnownFileType = sourcecode.swift; path = HomeViewHeader.swift; sourceTree = "<group>"; };
		D9BB94CF26A4CCF6007086D0 /* ClassicBackgroundView.swift */ = {isa = PBXFileReference; lastKnownFileType = sourcecode.swift; path = ClassicBackgroundView.swift; sourceTree = "<group>"; };
		D9BB94D326A4DF98007086D0 /* WellcomeMessageView.swift */ = {isa = PBXFileReference; lastKnownFileType = sourcecode.swift; path = WellcomeMessageView.swift; sourceTree = "<group>"; };
		D9BFA13D26CAE14A008BE365 /* EierMLTutorialView.swift */ = {isa = PBXFileReference; lastKnownFileType = sourcecode.swift; path = EierMLTutorialView.swift; sourceTree = "<group>"; };
		D9BFA14326CAE216008BE365 /* TutorialSheet.swift */ = {isa = PBXFileReference; lastKnownFileType = sourcecode.swift; path = TutorialSheet.swift; sourceTree = "<group>"; };
		D9BFA14626CAFDC0008BE365 /* EggListView.swift */ = {isa = PBXFileReference; lastKnownFileType = sourcecode.swift; path = EggListView.swift; sourceTree = "<group>"; };
		D9CD7D3426D8368A00C36DA2 /* EierML.swift */ = {isa = PBXFileReference; lastKnownFileType = sourcecode.swift; path = EierML.swift; sourceTree = "<group>"; };
		D9D3353326DA4B0B004E7ECD /* ViscosityView.swift */ = {isa = PBXFileReference; lastKnownFileType = sourcecode.swift; path = ViscosityView.swift; sourceTree = "<group>"; };
		D9E1051326CC3F27002CB828 /* AddEggView.swift */ = {isa = PBXFileReference; lastKnownFileType = sourcecode.swift; path = AddEggView.swift; sourceTree = "<group>"; };
		D9E1051526CC40BD002CB828 /* VisualEffect.swift */ = {isa = PBXFileReference; lastKnownFileType = sourcecode.swift; path = VisualEffect.swift; sourceTree = "<group>"; };
		D9E1051726CC4E6B002CB828 /* UIScreenExtension.swift */ = {isa = PBXFileReference; fileEncoding = 4; lastKnownFileType = sourcecode.swift; path = UIScreenExtension.swift; sourceTree = "<group>"; };
		D9E1051C26CC5C9A002CB828 /* PixelScreenManager.swift */ = {isa = PBXFileReference; lastKnownFileType = sourcecode.swift; path = PixelScreenManager.swift; sourceTree = "<group>"; };
		D9E5897B26E7948400349794 /* TimerView.swift */ = {isa = PBXFileReference; lastKnownFileType = sourcecode.swift; path = TimerView.swift; sourceTree = "<group>"; };
		D9EADB9226D7EA5B0042CAF2 /* PrimaryButtonStyle copy.swift */ = {isa = PBXFileReference; lastKnownFileType = sourcecode.swift; path = "PrimaryButtonStyle copy.swift"; sourceTree = "<group>"; };
		D9EADB9426D7FB050042CAF2 /* EierMLTutorialViewModel.swift */ = {isa = PBXFileReference; lastKnownFileType = sourcecode.swift; path = EierMLTutorialViewModel.swift; sourceTree = "<group>"; };
/* End PBXFileReference section */

/* Begin PBXFrameworksBuildPhase section */
		D945213A2693512500305EF8 /* Frameworks */ = {
			isa = PBXFrameworksBuildPhase;
			buildActionMask = 2147483647;
			files = (
				D9A15A7826B62380000B56F8 /* SwiftUIWPArticleLoader in Frameworks */,
				D9BFA14226CAE1D3008BE365 /* SwiftUIPager in Frameworks */,
			);
			runOnlyForDeploymentPostprocessing = 0;
		};
		D945214B2693512600305EF8 /* Frameworks */ = {
			isa = PBXFrameworksBuildPhase;
			buildActionMask = 2147483647;
			files = (
			);
			runOnlyForDeploymentPostprocessing = 0;
		};
		D94521562693512600305EF8 /* Frameworks */ = {
			isa = PBXFrameworksBuildPhase;
			buildActionMask = 2147483647;
			files = (
			);
			runOnlyForDeploymentPostprocessing = 0;
		};
/* End PBXFrameworksBuildPhase section */

/* Begin PBXGroup section */
		D90AC30726C5823300B6B7D0 /* EierML */ = {
			isa = PBXGroup;
			children = (
				D90AC30526C5822F00B6B7D0 /* EggsView.swift */,
				D90AC30826C5C50700B6B7D0 /* EggsViewModel.swift */,
				D9E5897D26E7948A00349794 /* TimerView */,
				D97F19DA26DD5EF900374033 /* Add Egg */,
				D9BFA14526CAFDA9008BE365 /* ListView */,
				D9BFA13F26CAE14F008BE365 /* Tutorial */,
			);
			path = EierML;
			sourceTree = "<group>";
		};
		D90D5E5F26C009660023D2C7 /* News */ = {
			isa = PBXGroup;
			children = (
				D90D5E6026C009810023D2C7 /* NewsListView.swift */,
				D90D5E6226C009950023D2C7 /* NewsListViewModel.swift */,
				D90D5E6626C00AF90023D2C7 /* NewsRowView.swift */,
				D90D5E6C26C012CD0023D2C7 /* NewsImageLoadingView copy.swift */,
				D90D5E7026C013560023D2C7 /* NewsRowButtonStyle.swift */,
				D90AC2FF26C5745300B6B7D0 /* ArticleView.swift */,
			);
			path = News;
			sourceTree = "<group>";
		};
		D93E848E26EE175700A10349 /* Source */ = {
			isa = PBXGroup;
			children = (
				D93E849126EE17AD00A10349 /* bell.mp3 */,
			);
			path = Source;
			sourceTree = "<group>";
		};
		D94521342693512500305EF8 = {
			isa = PBXGroup;
			children = (
				D945213F2693512600305EF8 /* EierML-ios */,
				D94521512693512600305EF8 /* EierML-iosTests */,
				D945215C2693512600305EF8 /* EierML-iosUITests */,
				D945213E2693512500305EF8 /* Products */,
			);
			sourceTree = "<group>";
		};
		D945213E2693512500305EF8 /* Products */ = {
			isa = PBXGroup;
			children = (
				D945213D2693512500305EF8 /* EierML-ios.app */,
				D945214E2693512600305EF8 /* EierML-iosTests.xctest */,
				D94521592693512600305EF8 /* EierML-iosUITests.xctest */,
			);
			name = Products;
			sourceTree = "<group>";
		};
		D945213F2693512600305EF8 /* EierML-ios */ = {
			isa = PBXGroup;
			children = (
				D94521402693512600305EF8 /* EierML_iosApp.swift */,
				D9BB94CA26A467EF007086D0 /* Views */,
				D9BA13EC26ADE8F50097E934 /* Models */,
				D99421E726BB0FBC00DB2BCF /* Extensions */,
				D9D37426269B0B810075DE4E /* Helper */,
				D93E848E26EE175700A10349 /* Source */,
				D94521442693512600305EF8 /* Assets.xcassets */,
				D94521492693512600305EF8 /* Info.plist */,
				D99421EA26BB124100DB2BCF /* Launch Screen.storyboard */,
				D94521462693512600305EF8 /* Preview Content */,
			);
			path = "EierML-ios";
			sourceTree = "<group>";
		};
		D94521462693512600305EF8 /* Preview Content */ = {
			isa = PBXGroup;
			children = (
				D94521472693512600305EF8 /* Preview Assets.xcassets */,
			);
			path = "Preview Content";
			sourceTree = "<group>";
		};
		D94521512693512600305EF8 /* EierML-iosTests */ = {
			isa = PBXGroup;
			children = (
				D94521522693512600305EF8 /* EierML_iosTests.swift */,
				D94521542693512600305EF8 /* Info.plist */,
			);
			path = "EierML-iosTests";
			sourceTree = "<group>";
		};
		D945215C2693512600305EF8 /* EierML-iosUITests */ = {
			isa = PBXGroup;
			children = (
				D945215D2693512600305EF8 /* EierML_iosUITests.swift */,
				D945215F2693512600305EF8 /* Info.plist */,
			);
			path = "EierML-iosUITests";
			sourceTree = "<group>";
		};
		D953699B26EEA38F0056BD82 /* Badages */ = {
			isa = PBXGroup;
			children = (
				D95369A226EEABDB0056BD82 /* EierMLBandages.swift */,
				D95369A426EEABED0056BD82 /* MLProjectsBandages.swift */,
				D953699C26EEA3A60056BD82 /* Bandage.swift */,
			);
			path = Badages;
			sourceTree = "<group>";
		};
		D97F19DA26DD5EF900374033 /* Add Egg */ = {
			isa = PBXGroup;
			children = (
				D9E1051326CC3F27002CB828 /* AddEggView.swift */,
				D902F7B326E3E22F009FB4E7 /* AddEggSlider.swift */,
				D9D3353326DA4B0B004E7ECD /* ViscosityView.swift */,
				D97F19D826DD5ED100374033 /* NumberRow.swift */,
			);
			path = "Add Egg";
			sourceTree = "<group>";
		};
		D98AAB7B26E516290087FAF6 /* Color */ = {
			isa = PBXGroup;
			children = (
				D98AAB7C26E516290087FAF6 /* Color+Hex.swift */,
				D98AAB7D26E516290087FAF6 /* Color+Adjust.swift */,
				D98AAB7E26E516290087FAF6 /* Palette+Color.swift */,
			);
			path = Color;
			sourceTree = "<group>";
		};
		D99421E626BB0F3600DB2BCF /* Home */ = {
			isa = PBXGroup;
			children = (
				D93FD7F22696486A002DD264 /* HomeView.swift */,
				D9BB94CD26A4CC2B007086D0 /* HomeViewHeader.swift */,
				D9BB94D326A4DF98007086D0 /* WellcomeMessageView.swift */,
				D953699B26EEA38F0056BD82 /* Badages */,
				D90D5E5F26C009660023D2C7 /* News */,
			);
			path = Home;
			sourceTree = "<group>";
		};
		D99421E726BB0FBC00DB2BCF /* Extensions */ = {
			isa = PBXGroup;
			children = (
				D971FCC926EE6E96002C65D0 /* GridItem+getItems.swift */,
				D9795FF5269A2D2800C6CF98 /* PrimaryTextField.swift */,
				D9EADB9226D7EA5B0042CAF2 /* PrimaryButtonStyle copy.swift */,
				D945217226935C1E00305EF8 /* SecondaryButtonStyle.swift */,
			);
			path = Extensions;
			sourceTree = "<group>";
		};
		D9BA13EC26ADE8F50097E934 /* Models */ = {
			isa = PBXGroup;
			children = (
				D953699E26EEA9190056BD82 /* AppModel.swift */,
				D90AC30A26C5C5E600B6B7D0 /* Egg.swift */,
				D9CD7D3426D8368A00C36DA2 /* EierML.swift */,
			);
			path = Models;
			sourceTree = "<group>";
		};
		D9BB94CA26A467EF007086D0 /* Views */ = {
			isa = PBXGroup;
			children = (
				D94521422693512600305EF8 /* AppView.swift */,
				D99421E626BB0F3600DB2BCF /* Home */,
				D90AC30726C5823300B6B7D0 /* EierML */,
				D9BB94CB26A467FA007086D0 /* Wellcome */,
			);
			path = Views;
			sourceTree = "<group>";
		};
		D9BB94CB26A467FA007086D0 /* Wellcome */ = {
			isa = PBXGroup;
			children = (
				D945216B2693544D00305EF8 /* WellcomeView.swift */,
				D9BB94CF26A4CCF6007086D0 /* ClassicBackgroundView.swift */,
			);
			path = Wellcome;
			sourceTree = "<group>";
		};
		D9BFA13F26CAE14F008BE365 /* Tutorial */ = {
			isa = PBXGroup;
			children = (
				D9BFA13D26CAE14A008BE365 /* EierMLTutorialView.swift */,
				D9EADB9426D7FB050042CAF2 /* EierMLTutorialViewModel.swift */,
				D973620126D433F50012AFE7 /* TutorialSheetView.swift */,
				D9BFA14326CAE216008BE365 /* TutorialSheet.swift */,
			);
			path = Tutorial;
			sourceTree = "<group>";
		};
		D9BFA14526CAFDA9008BE365 /* ListView */ = {
			isa = PBXGroup;
			children = (
				D9BFA14626CAFDC0008BE365 /* EggListView.swift */,
				D97361FF26D4276B0012AFE7 /* EggListRowView.swift */,
				D93E848A26EE0EDE00A10349 /* EggImageViewWithNumber.swift */,
			);
			path = ListView;
			sourceTree = "<group>";
		};
		D9D37426269B0B810075DE4E /* Helper */ = {
			isa = PBXGroup;
			children = (
				D98AAB7B26E516290087FAF6 /* Color */,
				D9E1051726CC4E6B002CB828 /* UIScreenExtension.swift */,
				D9E1051C26CC5C9A002CB828 /* PixelScreenManager.swift */,
				D90AC30126C5748900B6B7D0 /* WebLoadingView.swift */,
				D90AC30226C5748900B6B7D0 /* WebView.swift */,
				D994220426BB2AFD00DB2BCF /* Date+String.swift */,
				D994220226BB2AD200DB2BCF /* AsyncImage.swift */,
				D99421E826BB0FCB00DB2BCF /* NavigationButton.swift */,
				D9E1051526CC40BD002CB828 /* VisualEffect.swift */,
				D98AAB7226E4CB250087FAF6 /* PixelConverter.swift */,
			);
			path = Helper;
			sourceTree = "<group>";
		};
		D9E5897D26E7948A00349794 /* TimerView */ = {
			isa = PBXGroup;
			children = (
				D9E5897B26E7948400349794 /* TimerView.swift */,
				D92E9E4526EC8FE6000A0682 /* TimerViewModel.swift */,
				D93E848C26EE10B300A10349 /* TimerEggsView.swift */,
			);
			path = TimerView;
			sourceTree = "<group>";
		};
/* End PBXGroup section */

/* Begin PBXNativeTarget section */
		D945213C2693512500305EF8 /* EierML-ios */ = {
			isa = PBXNativeTarget;
			buildConfigurationList = D94521622693512600305EF8 /* Build configuration list for PBXNativeTarget "EierML-ios" */;
			buildPhases = (
				D94521392693512500305EF8 /* Sources */,
				D945213A2693512500305EF8 /* Frameworks */,
				D945213B2693512500305EF8 /* Resources */,
				D90AC30C26C5C7D700B6B7D0 /* Swiftlint */,
			);
			buildRules = (
			);
			dependencies = (
			);
			name = "EierML-ios";
			packageProductDependencies = (
				D9A15A7726B62380000B56F8 /* SwiftUIWPArticleLoader */,
				D9BFA14126CAE1D3008BE365 /* SwiftUIPager */,
			);
			productName = "EierML-ios";
			productReference = D945213D2693512500305EF8 /* EierML-ios.app */;
			productType = "com.apple.product-type.application";
		};
		D945214D2693512600305EF8 /* EierML-iosTests */ = {
			isa = PBXNativeTarget;
			buildConfigurationList = D94521652693512600305EF8 /* Build configuration list for PBXNativeTarget "EierML-iosTests" */;
			buildPhases = (
				D945214A2693512600305EF8 /* Sources */,
				D945214B2693512600305EF8 /* Frameworks */,
				D945214C2693512600305EF8 /* Resources */,
			);
			buildRules = (
			);
			dependencies = (
				D94521502693512600305EF8 /* PBXTargetDependency */,
			);
			name = "EierML-iosTests";
			productName = "EierML-iosTests";
			productReference = D945214E2693512600305EF8 /* EierML-iosTests.xctest */;
			productType = "com.apple.product-type.bundle.unit-test";
		};
		D94521582693512600305EF8 /* EierML-iosUITests */ = {
			isa = PBXNativeTarget;
			buildConfigurationList = D94521682693512600305EF8 /* Build configuration list for PBXNativeTarget "EierML-iosUITests" */;
			buildPhases = (
				D94521552693512600305EF8 /* Sources */,
				D94521562693512600305EF8 /* Frameworks */,
				D94521572693512600305EF8 /* Resources */,
			);
			buildRules = (
			);
			dependencies = (
				D945215B2693512600305EF8 /* PBXTargetDependency */,
			);
			name = "EierML-iosUITests";
			productName = "EierML-iosUITests";
			productReference = D94521592693512600305EF8 /* EierML-iosUITests.xctest */;
			productType = "com.apple.product-type.bundle.ui-testing";
		};
/* End PBXNativeTarget section */

/* Begin PBXProject section */
		D94521352693512500305EF8 /* Project object */ = {
			isa = PBXProject;
			attributes = {
				LastSwiftUpdateCheck = 1250;
				LastUpgradeCheck = 1250;
				TargetAttributes = {
					D945213C2693512500305EF8 = {
						CreatedOnToolsVersion = 12.5.1;
					};
					D945214D2693512600305EF8 = {
						CreatedOnToolsVersion = 12.5.1;
						TestTargetID = D945213C2693512500305EF8;
					};
					D94521582693512600305EF8 = {
						CreatedOnToolsVersion = 12.5.1;
						TestTargetID = D945213C2693512500305EF8;
					};
				};
			};
			buildConfigurationList = D94521382693512500305EF8 /* Build configuration list for PBXProject "EierML-ios" */;
			compatibilityVersion = "Xcode 9.3";
			developmentRegion = en;
			hasScannedForEncodings = 0;
			knownRegions = (
				en,
				Base,
				de,
			);
			mainGroup = D94521342693512500305EF8;
			packageReferences = (
				D9A15A7626B62380000B56F8 /* XCRemoteSwiftPackageReference "SwiftUIWPArticleLoader" */,
				D9BFA14026CAE1D3008BE365 /* XCRemoteSwiftPackageReference "SwiftUIPager" */,
			);
			productRefGroup = D945213E2693512500305EF8 /* Products */;
			projectDirPath = "";
			projectRoot = "";
			targets = (
				D945213C2693512500305EF8 /* EierML-ios */,
				D945214D2693512600305EF8 /* EierML-iosTests */,
				D94521582693512600305EF8 /* EierML-iosUITests */,
			);
		};
/* End PBXProject section */

/* Begin PBXResourcesBuildPhase section */
		D945213B2693512500305EF8 /* Resources */ = {
			isa = PBXResourcesBuildPhase;
			buildActionMask = 2147483647;
			files = (
				D99421EB26BB124100DB2BCF /* Launch Screen.storyboard in Resources */,
				D93E849226EE17AD00A10349 /* bell.mp3 in Resources */,
				D94521482693512600305EF8 /* Preview Assets.xcassets in Resources */,
				D94521452693512600305EF8 /* Assets.xcassets in Resources */,
			);
			runOnlyForDeploymentPostprocessing = 0;
		};
		D945214C2693512600305EF8 /* Resources */ = {
			isa = PBXResourcesBuildPhase;
			buildActionMask = 2147483647;
			files = (
			);
			runOnlyForDeploymentPostprocessing = 0;
		};
		D94521572693512600305EF8 /* Resources */ = {
			isa = PBXResourcesBuildPhase;
			buildActionMask = 2147483647;
			files = (
			);
			runOnlyForDeploymentPostprocessing = 0;
		};
/* End PBXResourcesBuildPhase section */

/* Begin PBXShellScriptBuildPhase section */
		D90AC30C26C5C7D700B6B7D0 /* Swiftlint */ = {
			isa = PBXShellScriptBuildPhase;
			buildActionMask = 2147483647;
			files = (
			);
			inputFileListPaths = (
			);
			inputPaths = (
			);
			name = Swiftlint;
			outputFileListPaths = (
			);
			outputPaths = (
			);
			runOnlyForDeploymentPostprocessing = 0;
			shellPath = /bin/sh;
			shellScript = "if which swiftlint >/dev/null; then\n  swiftlint\nelse\n  echo \"warning: SwiftLint not installed, download from https://github.com/realm/SwiftLint\"\nfi\n";
		};
/* End PBXShellScriptBuildPhase section */

/* Begin PBXSourcesBuildPhase section */
		D94521392693512500305EF8 /* Sources */ = {
			isa = PBXSourcesBuildPhase;
			buildActionMask = 2147483647;
			files = (
				D9BFA13E26CAE14A008BE365 /* EierMLTutorialView.swift in Sources */,
				D93FD7F32696486A002DD264 /* HomeView.swift in Sources */,
				D94521432693512600305EF8 /* AppView.swift in Sources */,
				D90D5E6D26C012CD0023D2C7 /* NewsImageLoadingView copy.swift in Sources */,
				D95369A326EEABDB0056BD82 /* EierMLBandages.swift in Sources */,
				D90AC30926C5C50700B6B7D0 /* EggsViewModel.swift in Sources */,
				D98AAB7F26E516290087FAF6 /* Color+Hex.swift in Sources */,
				D90D5E6326C009950023D2C7 /* NewsListViewModel.swift in Sources */,
				D9EADB9526D7FB050042CAF2 /* EierMLTutorialViewModel.swift in Sources */,
				D99421E926BB0FCB00DB2BCF /* NavigationButton.swift in Sources */,
				D9BB94CE26A4CC2B007086D0 /* HomeViewHeader.swift in Sources */,
				D953699D26EEA3A60056BD82 /* Bandage.swift in Sources */,
				D92E9E4626EC8FE6000A0682 /* TimerViewModel.swift in Sources */,
				D97F19D926DD5ED100374033 /* NumberRow.swift in Sources */,
				D994220526BB2AFD00DB2BCF /* Date+String.swift in Sources */,
				D945217326935C1E00305EF8 /* SecondaryButtonStyle.swift in Sources */,
				D9BFA14726CAFDC0008BE365 /* EggListView.swift in Sources */,
				D9E1051826CC4E6B002CB828 /* UIScreenExtension.swift in Sources */,
				D9E1051626CC40BD002CB828 /* VisualEffect.swift in Sources */,
				D9D3353426DA4B0B004E7ECD /* ViscosityView.swift in Sources */,
				D90AC30426C5748900B6B7D0 /* WebView.swift in Sources */,
				D9BB94D026A4CCF6007086D0 /* ClassicBackgroundView.swift in Sources */,
				D98AAB7326E4CB250087FAF6 /* PixelConverter.swift in Sources */,
				D9E1051D26CC5C9A002CB828 /* PixelScreenManager.swift in Sources */,
				D9EADB9326D7EA5B0042CAF2 /* PrimaryButtonStyle copy.swift in Sources */,
				D95369A526EEABED0056BD82 /* MLProjectsBandages.swift in Sources */,
				D90AC30B26C5C5E600B6B7D0 /* Egg.swift in Sources */,
				D94521412693512600305EF8 /* EierML_iosApp.swift in Sources */,
				D90AC30626C5822F00B6B7D0 /* EggsView.swift in Sources */,
				D973620226D433F50012AFE7 /* TutorialSheetView.swift in Sources */,
				D90AC30326C5748900B6B7D0 /* WebLoadingView.swift in Sources */,
				D9E5897C26E7948400349794 /* TimerView.swift in Sources */,
				D9BFA14426CAE216008BE365 /* TutorialSheet.swift in Sources */,
				D9CD7D3526D8368A00C36DA2 /* EierML.swift in Sources */,
				D9795FF6269A2D2800C6CF98 /* PrimaryTextField.swift in Sources */,
				D945216C2693544D00305EF8 /* WellcomeView.swift in Sources */,
				D9E1051426CC3F27002CB828 /* AddEggView.swift in Sources */,
				D973620026D4276B0012AFE7 /* EggListRowView.swift in Sources */,
				D971FCCA26EE6E96002C65D0 /* GridItem+getItems.swift in Sources */,
				D90D5E6726C00AF90023D2C7 /* NewsRowView.swift in Sources */,
				D994220326BB2AD200DB2BCF /* AsyncImage.swift in Sources */,
				D93E848B26EE0EDE00A10349 /* EggImageViewWithNumber.swift in Sources */,
				D93E848D26EE10B300A10349 /* TimerEggsView.swift in Sources */,
				D902F7B426E3E22F009FB4E7 /* AddEggSlider.swift in Sources */,
				D953699F26EEA9190056BD82 /* AppModel.swift in Sources */,
				D90AC30026C5745300B6B7D0 /* ArticleView.swift in Sources */,
				D98AAB8126E516290087FAF6 /* Palette+Color.swift in Sources */,
				D90D5E7126C013560023D2C7 /* NewsRowButtonStyle.swift in Sources */,
				D90D5E6126C009810023D2C7 /* NewsListView.swift in Sources */,
				D98AAB8026E516290087FAF6 /* Color+Adjust.swift in Sources */,
				D9BB94D426A4DF98007086D0 /* WellcomeMessageView.swift in Sources */,
			);
			runOnlyForDeploymentPostprocessing = 0;
		};
		D945214A2693512600305EF8 /* Sources */ = {
			isa = PBXSourcesBuildPhase;
			buildActionMask = 2147483647;
			files = (
				D94521532693512600305EF8 /* EierML_iosTests.swift in Sources */,
			);
			runOnlyForDeploymentPostprocessing = 0;
		};
		D94521552693512600305EF8 /* Sources */ = {
			isa = PBXSourcesBuildPhase;
			buildActionMask = 2147483647;
			files = (
				D945215E2693512600305EF8 /* EierML_iosUITests.swift in Sources */,
			);
			runOnlyForDeploymentPostprocessing = 0;
		};
/* End PBXSourcesBuildPhase section */

/* Begin PBXTargetDependency section */
		D94521502693512600305EF8 /* PBXTargetDependency */ = {
			isa = PBXTargetDependency;
			target = D945213C2693512500305EF8 /* EierML-ios */;
			targetProxy = D945214F2693512600305EF8 /* PBXContainerItemProxy */;
		};
		D945215B2693512600305EF8 /* PBXTargetDependency */ = {
			isa = PBXTargetDependency;
			target = D945213C2693512500305EF8 /* EierML-ios */;
			targetProxy = D945215A2693512600305EF8 /* PBXContainerItemProxy */;
		};
/* End PBXTargetDependency section */

/* Begin XCBuildConfiguration section */
		D94521602693512600305EF8 /* Debug */ = {
			isa = XCBuildConfiguration;
			buildSettings = {
				ALWAYS_SEARCH_USER_PATHS = NO;
				CLANG_ANALYZER_LOCALIZABILITY_NONLOCALIZED = YES;
				CLANG_ANALYZER_NONNULL = YES;
				CLANG_ANALYZER_NUMBER_OBJECT_CONVERSION = YES_AGGRESSIVE;
				CLANG_CXX_LANGUAGE_STANDARD = "gnu++14";
				CLANG_CXX_LIBRARY = "libc++";
				CLANG_ENABLE_MODULES = YES;
				CLANG_ENABLE_OBJC_ARC = YES;
				CLANG_ENABLE_OBJC_WEAK = YES;
				CLANG_WARN_BLOCK_CAPTURE_AUTORELEASING = YES;
				CLANG_WARN_BOOL_CONVERSION = YES;
				CLANG_WARN_COMMA = YES;
				CLANG_WARN_CONSTANT_CONVERSION = YES;
				CLANG_WARN_DEPRECATED_OBJC_IMPLEMENTATIONS = YES;
				CLANG_WARN_DIRECT_OBJC_ISA_USAGE = YES_ERROR;
				CLANG_WARN_DOCUMENTATION_COMMENTS = YES;
				CLANG_WARN_EMPTY_BODY = YES;
				CLANG_WARN_ENUM_CONVERSION = YES;
				CLANG_WARN_INFINITE_RECURSION = YES;
				CLANG_WARN_INT_CONVERSION = YES;
				CLANG_WARN_NON_LITERAL_NULL_CONVERSION = YES;
				CLANG_WARN_OBJC_IMPLICIT_RETAIN_SELF = YES;
				CLANG_WARN_OBJC_LITERAL_CONVERSION = YES;
				CLANG_WARN_OBJC_ROOT_CLASS = YES_ERROR;
				CLANG_WARN_QUOTED_INCLUDE_IN_FRAMEWORK_HEADER = YES;
				CLANG_WARN_RANGE_LOOP_ANALYSIS = YES;
				CLANG_WARN_STRICT_PROTOTYPES = YES;
				CLANG_WARN_SUSPICIOUS_MOVE = YES;
				CLANG_WARN_UNGUARDED_AVAILABILITY = YES_AGGRESSIVE;
				CLANG_WARN_UNREACHABLE_CODE = YES;
				CLANG_WARN__DUPLICATE_METHOD_MATCH = YES;
				COPY_PHASE_STRIP = NO;
				DEBUG_INFORMATION_FORMAT = dwarf;
				ENABLE_STRICT_OBJC_MSGSEND = YES;
				ENABLE_TESTABILITY = YES;
				GCC_C_LANGUAGE_STANDARD = gnu11;
				GCC_DYNAMIC_NO_PIC = NO;
				GCC_NO_COMMON_BLOCKS = YES;
				GCC_OPTIMIZATION_LEVEL = 0;
				GCC_PREPROCESSOR_DEFINITIONS = (
					"DEBUG=1",
					"$(inherited)",
				);
				GCC_WARN_64_TO_32_BIT_CONVERSION = YES;
				GCC_WARN_ABOUT_RETURN_TYPE = YES_ERROR;
				GCC_WARN_UNDECLARED_SELECTOR = YES;
				GCC_WARN_UNINITIALIZED_AUTOS = YES_AGGRESSIVE;
				GCC_WARN_UNUSED_FUNCTION = YES;
				GCC_WARN_UNUSED_VARIABLE = YES;
				IPHONEOS_DEPLOYMENT_TARGET = 14.5;
				MTL_ENABLE_DEBUG_INFO = INCLUDE_SOURCE;
				MTL_FAST_MATH = YES;
				ONLY_ACTIVE_ARCH = YES;
				SDKROOT = iphoneos;
				SWIFT_ACTIVE_COMPILATION_CONDITIONS = DEBUG;
				SWIFT_OPTIMIZATION_LEVEL = "-Onone";
			};
			name = Debug;
		};
		D94521612693512600305EF8 /* Release */ = {
			isa = XCBuildConfiguration;
			buildSettings = {
				ALWAYS_SEARCH_USER_PATHS = NO;
				CLANG_ANALYZER_LOCALIZABILITY_NONLOCALIZED = YES;
				CLANG_ANALYZER_NONNULL = YES;
				CLANG_ANALYZER_NUMBER_OBJECT_CONVERSION = YES_AGGRESSIVE;
				CLANG_CXX_LANGUAGE_STANDARD = "gnu++14";
				CLANG_CXX_LIBRARY = "libc++";
				CLANG_ENABLE_MODULES = YES;
				CLANG_ENABLE_OBJC_ARC = YES;
				CLANG_ENABLE_OBJC_WEAK = YES;
				CLANG_WARN_BLOCK_CAPTURE_AUTORELEASING = YES;
				CLANG_WARN_BOOL_CONVERSION = YES;
				CLANG_WARN_COMMA = YES;
				CLANG_WARN_CONSTANT_CONVERSION = YES;
				CLANG_WARN_DEPRECATED_OBJC_IMPLEMENTATIONS = YES;
				CLANG_WARN_DIRECT_OBJC_ISA_USAGE = YES_ERROR;
				CLANG_WARN_DOCUMENTATION_COMMENTS = YES;
				CLANG_WARN_EMPTY_BODY = YES;
				CLANG_WARN_ENUM_CONVERSION = YES;
				CLANG_WARN_INFINITE_RECURSION = YES;
				CLANG_WARN_INT_CONVERSION = YES;
				CLANG_WARN_NON_LITERAL_NULL_CONVERSION = YES;
				CLANG_WARN_OBJC_IMPLICIT_RETAIN_SELF = YES;
				CLANG_WARN_OBJC_LITERAL_CONVERSION = YES;
				CLANG_WARN_OBJC_ROOT_CLASS = YES_ERROR;
				CLANG_WARN_QUOTED_INCLUDE_IN_FRAMEWORK_HEADER = YES;
				CLANG_WARN_RANGE_LOOP_ANALYSIS = YES;
				CLANG_WARN_STRICT_PROTOTYPES = YES;
				CLANG_WARN_SUSPICIOUS_MOVE = YES;
				CLANG_WARN_UNGUARDED_AVAILABILITY = YES_AGGRESSIVE;
				CLANG_WARN_UNREACHABLE_CODE = YES;
				CLANG_WARN__DUPLICATE_METHOD_MATCH = YES;
				COPY_PHASE_STRIP = NO;
				DEBUG_INFORMATION_FORMAT = "dwarf-with-dsym";
				ENABLE_NS_ASSERTIONS = NO;
				ENABLE_STRICT_OBJC_MSGSEND = YES;
				GCC_C_LANGUAGE_STANDARD = gnu11;
				GCC_NO_COMMON_BLOCKS = YES;
				GCC_WARN_64_TO_32_BIT_CONVERSION = YES;
				GCC_WARN_ABOUT_RETURN_TYPE = YES_ERROR;
				GCC_WARN_UNDECLARED_SELECTOR = YES;
				GCC_WARN_UNINITIALIZED_AUTOS = YES_AGGRESSIVE;
				GCC_WARN_UNUSED_FUNCTION = YES;
				GCC_WARN_UNUSED_VARIABLE = YES;
				IPHONEOS_DEPLOYMENT_TARGET = 14.5;
				MTL_ENABLE_DEBUG_INFO = NO;
				MTL_FAST_MATH = YES;
				SDKROOT = iphoneos;
				SWIFT_COMPILATION_MODE = wholemodule;
				SWIFT_OPTIMIZATION_LEVEL = "-O";
				VALIDATE_PRODUCT = YES;
			};
			name = Release;
		};
		D94521632693512600305EF8 /* Debug */ = {
			isa = XCBuildConfiguration;
			buildSettings = {
				ASSETCATALOG_COMPILER_APPICON_NAME = AppIcon;
				ASSETCATALOG_COMPILER_GLOBAL_ACCENT_COLOR_NAME = AccentColor;
				CODE_SIGN_STYLE = Automatic;
				DEVELOPMENT_ASSET_PATHS = "\"EierML-ios/Preview Content\"";
				DEVELOPMENT_TEAM = 2CFZ99QKY4;
				ENABLE_PREVIEWS = YES;
				INFOPLIST_FILE = "EierML-ios/Info.plist";
				IPHONEOS_DEPLOYMENT_TARGET = 14.0;
				LD_RUNPATH_SEARCH_PATHS = (
					"$(inherited)",
					"@executable_path/Frameworks",
				);
				MARKETING_VERSION = 1.0;
				PRODUCT_BUNDLE_IDENTIFIER = de.TorbenKoehler.EierML;
				PRODUCT_NAME = "$(TARGET_NAME)";
				SWIFT_VERSION = 5.0;
				TARGETED_DEVICE_FAMILY = 1;
			};
			name = Debug;
		};
		D94521642693512600305EF8 /* Release */ = {
			isa = XCBuildConfiguration;
			buildSettings = {
				ASSETCATALOG_COMPILER_APPICON_NAME = AppIcon;
				ASSETCATALOG_COMPILER_GLOBAL_ACCENT_COLOR_NAME = AccentColor;
				CODE_SIGN_STYLE = Automatic;
				DEVELOPMENT_ASSET_PATHS = "\"EierML-ios/Preview Content\"";
				DEVELOPMENT_TEAM = 2CFZ99QKY4;
				ENABLE_PREVIEWS = YES;
				INFOPLIST_FILE = "EierML-ios/Info.plist";
				IPHONEOS_DEPLOYMENT_TARGET = 14.0;
				LD_RUNPATH_SEARCH_PATHS = (
					"$(inherited)",
					"@executable_path/Frameworks",
				);
				MARKETING_VERSION = 1.0;
				PRODUCT_BUNDLE_IDENTIFIER = de.TorbenKoehler.EierML;
				PRODUCT_NAME = "$(TARGET_NAME)";
				SWIFT_VERSION = 5.0;
				TARGETED_DEVICE_FAMILY = 1;
			};
			name = Release;
		};
		D94521662693512600305EF8 /* Debug */ = {
			isa = XCBuildConfiguration;
			buildSettings = {
				ALWAYS_EMBED_SWIFT_STANDARD_LIBRARIES = YES;
				BUNDLE_LOADER = "$(TEST_HOST)";
				CODE_SIGN_STYLE = Automatic;
				DEVELOPMENT_TEAM = 2CFZ99QKY4;
				INFOPLIST_FILE = "EierML-iosTests/Info.plist";
				IPHONEOS_DEPLOYMENT_TARGET = 14.0;
				LD_RUNPATH_SEARCH_PATHS = (
					"$(inherited)",
					"@executable_path/Frameworks",
					"@loader_path/Frameworks",
				);
				PRODUCT_BUNDLE_IDENTIFIER = "de.TorbenKoehler.EierML-iosTests";
				PRODUCT_NAME = "$(TARGET_NAME)";
				SWIFT_VERSION = 5.0;
				TARGETED_DEVICE_FAMILY = "1,2";
				TEST_HOST = "$(BUILT_PRODUCTS_DIR)/EierML-ios.app/EierML-ios";
			};
			name = Debug;
		};
		D94521672693512600305EF8 /* Release */ = {
			isa = XCBuildConfiguration;
			buildSettings = {
				ALWAYS_EMBED_SWIFT_STANDARD_LIBRARIES = YES;
				BUNDLE_LOADER = "$(TEST_HOST)";
				CODE_SIGN_STYLE = Automatic;
				DEVELOPMENT_TEAM = 2CFZ99QKY4;
				INFOPLIST_FILE = "EierML-iosTests/Info.plist";
				IPHONEOS_DEPLOYMENT_TARGET = 14.0;
				LD_RUNPATH_SEARCH_PATHS = (
					"$(inherited)",
					"@executable_path/Frameworks",
					"@loader_path/Frameworks",
				);
				PRODUCT_BUNDLE_IDENTIFIER = "de.TorbenKoehler.EierML-iosTests";
				PRODUCT_NAME = "$(TARGET_NAME)";
				SWIFT_VERSION = 5.0;
				TARGETED_DEVICE_FAMILY = "1,2";
				TEST_HOST = "$(BUILT_PRODUCTS_DIR)/EierML-ios.app/EierML-ios";
			};
			name = Release;
		};
		D94521692693512600305EF8 /* Debug */ = {
			isa = XCBuildConfiguration;
			buildSettings = {
				ALWAYS_EMBED_SWIFT_STANDARD_LIBRARIES = YES;
				CODE_SIGN_STYLE = Automatic;
				DEVELOPMENT_TEAM = 2CFZ99QKY4;
				INFOPLIST_FILE = "EierML-iosUITests/Info.plist";
				LD_RUNPATH_SEARCH_PATHS = (
					"$(inherited)",
					"@executable_path/Frameworks",
					"@loader_path/Frameworks",
				);
				PRODUCT_BUNDLE_IDENTIFIER = "de.TorbenKoehler.EierML-iosUITests";
				PRODUCT_NAME = "$(TARGET_NAME)";
				SWIFT_VERSION = 5.0;
				TARGETED_DEVICE_FAMILY = "1,2";
				TEST_TARGET_NAME = "EierML-ios";
			};
			name = Debug;
		};
		D945216A2693512600305EF8 /* Release */ = {
			isa = XCBuildConfiguration;
			buildSettings = {
				ALWAYS_EMBED_SWIFT_STANDARD_LIBRARIES = YES;
				CODE_SIGN_STYLE = Automatic;
				DEVELOPMENT_TEAM = 2CFZ99QKY4;
				INFOPLIST_FILE = "EierML-iosUITests/Info.plist";
				LD_RUNPATH_SEARCH_PATHS = (
					"$(inherited)",
					"@executable_path/Frameworks",
					"@loader_path/Frameworks",
				);
				PRODUCT_BUNDLE_IDENTIFIER = "de.TorbenKoehler.EierML-iosUITests";
				PRODUCT_NAME = "$(TARGET_NAME)";
				SWIFT_VERSION = 5.0;
				TARGETED_DEVICE_FAMILY = "1,2";
				TEST_TARGET_NAME = "EierML-ios";
			};
			name = Release;
		};
/* End XCBuildConfiguration section */

/* Begin XCConfigurationList section */
		D94521382693512500305EF8 /* Build configuration list for PBXProject "EierML-ios" */ = {
			isa = XCConfigurationList;
			buildConfigurations = (
				D94521602693512600305EF8 /* Debug */,
				D94521612693512600305EF8 /* Release */,
			);
			defaultConfigurationIsVisible = 0;
			defaultConfigurationName = Release;
		};
		D94521622693512600305EF8 /* Build configuration list for PBXNativeTarget "EierML-ios" */ = {
			isa = XCConfigurationList;
			buildConfigurations = (
				D94521632693512600305EF8 /* Debug */,
				D94521642693512600305EF8 /* Release */,
			);
			defaultConfigurationIsVisible = 0;
			defaultConfigurationName = Release;
		};
		D94521652693512600305EF8 /* Build configuration list for PBXNativeTarget "EierML-iosTests" */ = {
			isa = XCConfigurationList;
			buildConfigurations = (
				D94521662693512600305EF8 /* Debug */,
				D94521672693512600305EF8 /* Release */,
			);
			defaultConfigurationIsVisible = 0;
			defaultConfigurationName = Release;
		};
		D94521682693512600305EF8 /* Build configuration list for PBXNativeTarget "EierML-iosUITests" */ = {
			isa = XCConfigurationList;
			buildConfigurations = (
				D94521692693512600305EF8 /* Debug */,
				D945216A2693512600305EF8 /* Release */,
			);
			defaultConfigurationIsVisible = 0;
			defaultConfigurationName = Release;
		};
/* End XCConfigurationList section */

/* Begin XCRemoteSwiftPackageReference section */
		D9A15A7626B62380000B56F8 /* XCRemoteSwiftPackageReference "SwiftUIWPArticleLoader" */ = {
			isa = XCRemoteSwiftPackageReference;
			repositoryURL = "https://github.com/tkoehlerlg/SwiftUIWPArticleLoader.git";
			requirement = {
				kind = upToNextMajorVersion;
				minimumVersion = 1.3.3;
			};
		};
		D9BFA14026CAE1D3008BE365 /* XCRemoteSwiftPackageReference "SwiftUIPager" */ = {
			isa = XCRemoteSwiftPackageReference;
			repositoryURL = "https://github.com/fermoya/SwiftUIPager.git";
			requirement = {
				kind = upToNextMajorVersion;
				minimumVersion = 2.3.1;
			};
		};
/* End XCRemoteSwiftPackageReference section */

/* Begin XCSwiftPackageProductDependency section */
		D9A15A7726B62380000B56F8 /* SwiftUIWPArticleLoader */ = {
			isa = XCSwiftPackageProductDependency;
			package = D9A15A7626B62380000B56F8 /* XCRemoteSwiftPackageReference "SwiftUIWPArticleLoader" */;
			productName = SwiftUIWPArticleLoader;
		};
		D9BFA14126CAE1D3008BE365 /* SwiftUIPager */ = {
			isa = XCSwiftPackageProductDependency;
			package = D9BFA14026CAE1D3008BE365 /* XCRemoteSwiftPackageReference "SwiftUIPager" */;
			productName = SwiftUIPager;
		};
/* End XCSwiftPackageProductDependency section */
	};
	rootObject = D94521352693512500305EF8 /* Project object */;
}
